
Microsoft Visual Studio Solution File, Format Version 12.00
Project("{2150E333-8FDC-42A3-9474-1A3956D46DE8}") = "src", "src", "{CB7A755B-8F78-4FAC-9CD5-9E447213F50C}"
EndProject
Project("{2150E333-8FDC-42A3-9474-1A3956D46DE8}") = "Hosts", "Hosts", "{5DBE2E9E-7632-41F3-8D63-0EA017A60820}"
EndProject
Project("{2150E333-8FDC-42A3-9474-1A3956D46DE8}") = "Application", "Application", "{1F8A8232-73F9-4486-909C-9AAC54AB5725}"
EndProject
Project("{2150E333-8FDC-42A3-9474-1A3956D46DE8}") = "Infrastructure", "Infrastructure", "{AA846AB7-E185-4610-80F8-447163421985}"
EndProject
Project("{2150E333-8FDC-42A3-9474-1A3956D46DE8}") = "Domain", "Domain", "{EF1E6835-82E0-4BA2-AA00-AE8D56855691}"
EndProject
Project("{FAE04EC0-301F-11D3-BF4B-00C04F79EFBC}") = "HospitalBackend.Domain", "src\HospitalBackend.Domain\HospitalBackend.Domain.csproj", "{3B683631-4439-4055-ADA8-E106539D988E}"
EndProject
Project("{2150E333-8FDC-42A3-9474-1A3956D46DE8}") = "Contracts", "Contracts", "{385B534C-33CD-4DAC-BE31-FAE74CD65BC5}"
EndProject
Project("{FAE04EC0-301F-11D3-BF4B-00C04F79EFBC}") = "HospitalBackend.Contracts", "src\HospitalBackend.Contracts\HospitalBackend.Contracts.csproj", "{DBAEDCAC-C251-438F-8ED6-9C9D1E563684}"
EndProject
Project("{FAE04EC0-301F-11D3-BF4B-00C04F79EFBC}") = "HospitalBackend.AppServices", "src\HospitalBackend.AppServices\HospitalBackend.AppServices.csproj", "{4A09F91A-D305-4813-AC7A-7D782A04A414}"
EndProject
Project("{FAE04EC0-301F-11D3-BF4B-00C04F79EFBC}") = "HospitalBackend.API", "src\HospitalBackend.API\HospitalBackend.API.csproj", "{20C5D16A-6481-49A9-BABB-D064B903FCE4}"
EndProject
Project("{FAE04EC0-301F-11D3-BF4B-00C04F79EFBC}") = "HospitalBackend.DbMigrator", "src\HospitalBackend.DbMigrator\HospitalBackend.DbMigrator.csproj", "{24DA1CE6-0653-4B2B-98C4-43A42AB0E502}"
EndProject
Project("{FAE04EC0-301F-11D3-BF4B-00C04F79EFBC}") = "HospitalBackend.Infrastructure", "src\HospitalBackend.Infrastructure\HospitalBackend.Infrastructure.csproj", "{E559A90C-6E87-4FD7-8F1F-E5F257E678F6}"
EndProject
Project("{FAE04EC0-301F-11D3-BF4B-00C04F79EFBC}") = "HospitalBackend.DataAccess", "src\HospitalBackend.DataAccess\HospitalBackend.DataAccess.csproj", "{A22E9F73-CF19-4B6F-B44D-22DF6FF95A50}"
EndProject
Project("{FAE04EC0-301F-11D3-BF4B-00C04F79EFBC}") = "HospitalBackend.Registrar", "src\HospitalBackend.Registrar\HospitalBackend.Registrar.csproj", "{E60B120D-C1E2-4712-A9DF-2FE959E7B75E}"
EndProject
Global
	GlobalSection(SolutionConfigurationPlatforms) = preSolution
		Debug|Any CPU = Debug|Any CPU
		Release|Any CPU = Release|Any CPU
	EndGlobalSection
	GlobalSection(NestedProjects) = preSolution
		{5DBE2E9E-7632-41F3-8D63-0EA017A60820} = {CB7A755B-8F78-4FAC-9CD5-9E447213F50C}
		{1F8A8232-73F9-4486-909C-9AAC54AB5725} = {CB7A755B-8F78-4FAC-9CD5-9E447213F50C}
		{AA846AB7-E185-4610-80F8-447163421985} = {CB7A755B-8F78-4FAC-9CD5-9E447213F50C}
		{EF1E6835-82E0-4BA2-AA00-AE8D56855691} = {CB7A755B-8F78-4FAC-9CD5-9E447213F50C}
		{3B683631-4439-4055-ADA8-E106539D988E} = {EF1E6835-82E0-4BA2-AA00-AE8D56855691}
		{385B534C-33CD-4DAC-BE31-FAE74CD65BC5} = {CB7A755B-8F78-4FAC-9CD5-9E447213F50C}
		{DBAEDCAC-C251-438F-8ED6-9C9D1E563684} = {385B534C-33CD-4DAC-BE31-FAE74CD65BC5}
		{4A09F91A-D305-4813-AC7A-7D782A04A414} = {1F8A8232-73F9-4486-909C-9AAC54AB5725}
		{20C5D16A-6481-49A9-BABB-D064B903FCE4} = {5DBE2E9E-7632-41F3-8D63-0EA017A60820}
		{24DA1CE6-0653-4B2B-98C4-43A42AB0E502} = {5DBE2E9E-7632-41F3-8D63-0EA017A60820}
		{E559A90C-6E87-4FD7-8F1F-E5F257E678F6} = {AA846AB7-E185-4610-80F8-447163421985}
		{A22E9F73-CF19-4B6F-B44D-22DF6FF95A50} = {AA846AB7-E185-4610-80F8-447163421985}
		{E60B120D-C1E2-4712-A9DF-2FE959E7B75E} = {AA846AB7-E185-4610-80F8-447163421985}
	EndGlobalSection
	GlobalSection(ProjectConfigurationPlatforms) = postSolution
		{3B683631-4439-4055-ADA8-E106539D988E}.Debug|Any CPU.ActiveCfg = Debug|Any CPU
		{3B683631-4439-4055-ADA8-E106539D988E}.Debug|Any CPU.Build.0 = Debug|Any CPU
		{3B683631-4439-4055-ADA8-E106539D988E}.Release|Any CPU.ActiveCfg = Release|Any CPU
		{3B683631-4439-4055-ADA8-E106539D988E}.Release|Any CPU.Build.0 = Release|Any CPU
		{DBAEDCAC-C251-438F-8ED6-9C9D1E563684}.Debug|Any CPU.ActiveCfg = Debug|Any CPU
		{DBAEDCAC-C251-438F-8ED6-9C9D1E563684}.Debug|Any CPU.Build.0 = Debug|Any CPU
		{DBAEDCAC-C251-438F-8ED6-9C9D1E563684}.Release|Any CPU.ActiveCfg = Release|Any CPU
		{DBAEDCAC-C251-438F-8ED6-9C9D1E563684}.Release|Any CPU.Build.0 = Release|Any CPU
		{4A09F91A-D305-4813-AC7A-7D782A04A414}.Debug|Any CPU.ActiveCfg = Debug|Any CPU
		{4A09F91A-D305-4813-AC7A-7D782A04A414}.Debug|Any CPU.Build.0 = Debug|Any CPU
		{4A09F91A-D305-4813-AC7A-7D782A04A414}.Release|Any CPU.ActiveCfg = Release|Any CPU
		{4A09F91A-D305-4813-AC7A-7D782A04A414}.Release|Any CPU.Build.0 = Release|Any CPU
		{20C5D16A-6481-49A9-BABB-D064B903FCE4}.Debug|Any CPU.ActiveCfg = Debug|Any CPU
		{20C5D16A-6481-49A9-BABB-D064B903FCE4}.Debug|Any CPU.Build.0 = Debug|Any CPU
		{20C5D16A-6481-49A9-BABB-D064B903FCE4}.Release|Any CPU.ActiveCfg = Release|Any CPU
		{20C5D16A-6481-49A9-BABB-D064B903FCE4}.Release|Any CPU.Build.0 = Release|Any CPU
		{24DA1CE6-0653-4B2B-98C4-43A42AB0E502}.Debug|Any CPU.ActiveCfg = Debug|Any CPU
		{24DA1CE6-0653-4B2B-98C4-43A42AB0E502}.Debug|Any CPU.Build.0 = Debug|Any CPU
		{24DA1CE6-0653-4B2B-98C4-43A42AB0E502}.Release|Any CPU.ActiveCfg = Release|Any CPU
		{24DA1CE6-0653-4B2B-98C4-43A42AB0E502}.Release|Any CPU.Build.0 = Release|Any CPU
		{E559A90C-6E87-4FD7-8F1F-E5F257E678F6}.Debug|Any CPU.ActiveCfg = Debug|Any CPU
		{E559A90C-6E87-4FD7-8F1F-E5F257E678F6}.Debug|Any CPU.Build.0 = Debug|Any CPU
		{E559A90C-6E87-4FD7-8F1F-E5F257E678F6}.Release|Any CPU.ActiveCfg = Release|Any CPU
		{E559A90C-6E87-4FD7-8F1F-E5F257E678F6}.Release|Any CPU.Build.0 = Release|Any CPU
		{A22E9F73-CF19-4B6F-B44D-22DF6FF95A50}.Debug|Any CPU.ActiveCfg = Debug|Any CPU
		{A22E9F73-CF19-4B6F-B44D-22DF6FF95A50}.Debug|Any CPU.Build.0 = Debug|Any CPU
		{A22E9F73-CF19-4B6F-B44D-22DF6FF95A50}.Release|Any CPU.ActiveCfg = Release|Any CPU
		{A22E9F73-CF19-4B6F-B44D-22DF6FF95A50}.Release|Any CPU.Build.0 = Release|Any CPU
		{E60B120D-C1E2-4712-A9DF-2FE959E7B75E}.Debug|Any CPU.ActiveCfg = Debug|Any CPU
		{E60B120D-C1E2-4712-A9DF-2FE959E7B75E}.Debug|Any CPU.Build.0 = Debug|Any CPU
		{E60B120D-C1E2-4712-A9DF-2FE959E7B75E}.Release|Any CPU.ActiveCfg = Release|Any CPU
		{E60B120D-C1E2-4712-A9DF-2FE959E7B75E}.Release|Any CPU.Build.0 = Release|Any CPU
	EndGlobalSection
EndGlobal
